
Microsoft Visual Studio Solution File, Format Version 12.00
# Visual Studio Version 17
VisualStudioVersion = 17.14.36623.8
MinimumVisualStudioVersion = 10.0.40219.1
Project("{FAE04EC0-301F-11D3-BF4B-00C04F79EFBC}") = "Internship-4-OOP2.Doimain", "Internship-4-OOP2.Doimain\Internship-4-OOP2.Doimain.csproj", "{219CAF04-068F-4FAE-B032-279AE34ADBF1}"
EndProject
Project("{2150E333-8FDC-42A3-9474-1A3956D46DE8}") = "src", "src", "{02EA681E-C7D8-13C7-8484-4AC65E1B71E8}"
EndProject
Project("{FAE04EC0-301F-11D3-BF4B-00C04F79EFBC}") = "Internship-4-OOP2.Application", "Internship-4-OOP2.Application\Internship-4-OOP2.Application.csproj", "{FCEEFCA3-CD26-48A7-B19F-B84671C60FF0}"
EndProject
Project("{FAE04EC0-301F-11D3-BF4B-00C04F79EFBC}") = "Internship-4-OOP2.Infrastructure", "Internship-4-OOP2.Infrastructure\Internship-4-OOP2.Infrastructure.csproj", "{0D653EB1-BD5C-4931-BEA3-483003358C49}"
EndProject
Global
	GlobalSection(SolutionConfigurationPlatforms) = preSolution
		Debug|Any CPU = Debug|Any CPU
		Release|Any CPU = Release|Any CPU
	EndGlobalSection
	GlobalSection(ProjectConfigurationPlatforms) = postSolution
		{219CAF04-068F-4FAE-B032-279AE34ADBF1}.Debug|Any CPU.ActiveCfg = Debug|Any CPU
		{219CAF04-068F-4FAE-B032-279AE34ADBF1}.Debug|Any CPU.Build.0 = Debug|Any CPU
		{219CAF04-068F-4FAE-B032-279AE34ADBF1}.Release|Any CPU.ActiveCfg = Release|Any CPU
		{219CAF04-068F-4FAE-B032-279AE34ADBF1}.Release|Any CPU.Build.0 = Release|Any CPU
		{FCEEFCA3-CD26-48A7-B19F-B84671C60FF0}.Debug|Any CPU.ActiveCfg = Debug|Any CPU
		{FCEEFCA3-CD26-48A7-B19F-B84671C60FF0}.Debug|Any CPU.Build.0 = Debug|Any CPU
		{FCEEFCA3-CD26-48A7-B19F-B84671C60FF0}.Release|Any CPU.ActiveCfg = Release|Any CPU
		{FCEEFCA3-CD26-48A7-B19F-B84671C60FF0}.Release|Any CPU.Build.0 = Release|Any CPU
		{0D653EB1-BD5C-4931-BEA3-483003358C49}.Debug|Any CPU.ActiveCfg = Debug|Any CPU
		{0D653EB1-BD5C-4931-BEA3-483003358C49}.Debug|Any CPU.Build.0 = Debug|Any CPU
		{0D653EB1-BD5C-4931-BEA3-483003358C49}.Release|Any CPU.ActiveCfg = Release|Any CPU
		{0D653EB1-BD5C-4931-BEA3-483003358C49}.Release|Any CPU.Build.0 = Release|Any CPU
	EndGlobalSection
	GlobalSection(SolutionProperties) = preSolution
		HideSolutionNode = FALSE
	EndGlobalSection
	GlobalSection(NestedProjects) = preSolution
		{219CAF04-068F-4FAE-B032-279AE34ADBF1} = {02EA681E-C7D8-13C7-8484-4AC65E1B71E8}
		{FCEEFCA3-CD26-48A7-B19F-B84671C60FF0} = {02EA681E-C7D8-13C7-8484-4AC65E1B71E8}
		{0D653EB1-BD5C-4931-BEA3-483003358C49} = {02EA681E-C7D8-13C7-8484-4AC65E1B71E8}
	EndGlobalSection
	GlobalSection(ExtensibilityGlobals) = postSolution
		SolutionGuid = {2927D721-955E-4F04-9A8C-BD091F44C2D7}
	EndGlobalSection
EndGlobal
